
Microsoft Visual Studio Solution File, Format Version 12.00
# Visual Studio Version 17
VisualStudioVersion = 17.4.33110.190
MinimumVisualStudioVersion = 10.0.40219.1
Project("{FAE04EC0-301F-11D3-BF4B-00C04F79EFBC}") = "StarDeckAPI", "StarDeckAPI\StarDeckAPI.csproj", "{E467BAA1-8540-4E48-AFEE-50A8F7656FD2}"
EndProject
Global
	GlobalSection(SolutionConfigurationPlatforms) = preSolution
		Debug|Any CPU = Debug|Any CPU
		Release|Any CPU = Release|Any CPU
	EndGlobalSection
	GlobalSection(ProjectConfigurationPlatforms) = postSolution
		{E467BAA1-8540-4E48-AFEE-50A8F7656FD2}.Debug|Any CPU.ActiveCfg = Debug|Any CPU
		{E467BAA1-8540-4E48-AFEE-50A8F7656FD2}.Debug|Any CPU.Build.0 = Debug|Any CPU
		{E467BAA1-8540-4E48-AFEE-50A8F7656FD2}.Release|Any CPU.ActiveCfg = Release|Any CPU
		{E467BAA1-8540-4E48-AFEE-50A8F7656FD2}.Release|Any CPU.Build.0 = Release|Any CPU
	EndGlobalSection
	GlobalSection(SolutionProperties) = preSolution
		HideSolutionNode = FALSE
	EndGlobalSection
	GlobalSection(ExtensibilityGlobals) = postSolution
		SolutionGuid = {5E3BD38B-02EA-4A69-B638-0163DDE1174B}
	EndGlobalSection
EndGlobal
